{
  "name": "natto-dark",
  "version": "1.0.0",
  "lockfileVersion": 2,
  "requires": true,
  "packages": {
    "": {
      "name": "natto-dark",
      "version": "1.0.0",
      "license": "ISC",
      "dependencies": {
        "@stitches/core": "^1.2.5"
      }
    },
    "node_modules/@stitches/core": {
      "version": "1.2.5",
      "resolved": "https://registry.npmjs.org/@stitches/core/-/core-1.2.5.tgz",
      "integrity": "sha512-E2N+Y2bKK7YS+J0kyORduGSwZMQsztYZAp3G/6Hgl2smA+Zzugwfuhc7sAYscdY3ShRf4gvHueNmO2vX+uLB4Q=="
    }
  },
  "dependencies": {
    "@stitches/core": {
      "version": "1.2.5",
      "resolved": "https://registry.npmjs.org/@stitches/core/-/core-1.2.5.tgz",
      "integrity": "sha512-E2N+Y2bKK7YS+J0kyORduGSwZMQsztYZAp3G/6Hgl2smA+Zzugwfuhc7sAYscdY3ShRf4gvHueNmO2vX+uLB4Q=="
    }
  }
}
